
Microsoft Visual Studio Solution File, Format Version 11.00
# Visual Studio 2010
Project("{FAE04EC0-301F-11D3-BF4B-00C04F79EFBC}") = "Lingual", "Lingual\Lingual.csproj", "{B01A1DDD-2F99-464E-9DE7-B28A2C4D24BE}"
EndProject
Project("{FAE04EC0-301F-11D3-BF4B-00C04F79EFBC}") = "Lingual.Extensions.NUnit", "Lingual.Extensions.NUnit\Lingual.Extensions.NUnit.csproj", "{9E266364-DBD4-4D2E-8DA3-C4D6499ED032}"
EndProject
Project("{FAE04EC0-301F-11D3-BF4B-00C04F79EFBC}") = "Lingual.Tests", "Lingual.Tests\Lingual.Tests.csproj", "{32591820-BA60-458D-A11D-87D2896F8AEE}"
EndProject
Global
	GlobalSection(SolutionConfigurationPlatforms) = preSolution
		Debug|Any CPU = Debug|Any CPU
		Release|Any CPU = Release|Any CPU
	EndGlobalSection
	GlobalSection(ProjectConfigurationPlatforms) = postSolution
		{B01A1DDD-2F99-464E-9DE7-B28A2C4D24BE}.Debug|Any CPU.ActiveCfg = Debug|Any CPU
		{B01A1DDD-2F99-464E-9DE7-B28A2C4D24BE}.Debug|Any CPU.Build.0 = Debug|Any CPU
		{B01A1DDD-2F99-464E-9DE7-B28A2C4D24BE}.Release|Any CPU.ActiveCfg = Release|Any CPU
		{B01A1DDD-2F99-464E-9DE7-B28A2C4D24BE}.Release|Any CPU.Build.0 = Release|Any CPU
		{9E266364-DBD4-4D2E-8DA3-C4D6499ED032}.Debug|Any CPU.ActiveCfg = Debug|Any CPU
		{9E266364-DBD4-4D2E-8DA3-C4D6499ED032}.Debug|Any CPU.Build.0 = Debug|Any CPU
		{9E266364-DBD4-4D2E-8DA3-C4D6499ED032}.Release|Any CPU.ActiveCfg = Release|Any CPU
		{9E266364-DBD4-4D2E-8DA3-C4D6499ED032}.Release|Any CPU.Build.0 = Release|Any CPU
		{32591820-BA60-458D-A11D-87D2896F8AEE}.Debug|Any CPU.ActiveCfg = Debug|Any CPU
		{32591820-BA60-458D-A11D-87D2896F8AEE}.Debug|Any CPU.Build.0 = Debug|Any CPU
		{32591820-BA60-458D-A11D-87D2896F8AEE}.Release|Any CPU.ActiveCfg = Release|Any CPU
		{32591820-BA60-458D-A11D-87D2896F8AEE}.Release|Any CPU.Build.0 = Release|Any CPU
	EndGlobalSection
	GlobalSection(SolutionProperties) = preSolution
		HideSolutionNode = FALSE
	EndGlobalSection
EndGlobal
